
Microsoft Visual Studio Solution File, Format Version 12.00
# Visual Studio Version 16
VisualStudioVersion = 16.0.29911.84
MinimumVisualStudioVersion = 10.0.40219.1
Project("{9A19103F-16F7-4668-BE54-9A1E7A4F7556}") = "Sambaa", "Sambaa\Sambaa.csproj", "{3DD7D13A-07FA-4232-90BD-2EEEBCC92FAC}"
EndProject
Project("{FAE04EC0-301F-11D3-BF4B-00C04F79EFBC}") = "Modelo", "Modelo\Modelo.csproj", "{1EE42CF1-2977-4C39-B6E7-5C8FA69C375B}"
EndProject
Global
	GlobalSection(SolutionConfigurationPlatforms) = preSolution
		Debug|Any CPU = Debug|Any CPU
		Release|Any CPU = Release|Any CPU
	EndGlobalSection
	GlobalSection(ProjectConfigurationPlatforms) = postSolution
		{3DD7D13A-07FA-4232-90BD-2EEEBCC92FAC}.Debug|Any CPU.ActiveCfg = Debug|Any CPU
		{3DD7D13A-07FA-4232-90BD-2EEEBCC92FAC}.Debug|Any CPU.Build.0 = Debug|Any CPU
		{3DD7D13A-07FA-4232-90BD-2EEEBCC92FAC}.Release|Any CPU.ActiveCfg = Release|Any CPU
		{3DD7D13A-07FA-4232-90BD-2EEEBCC92FAC}.Release|Any CPU.Build.0 = Release|Any CPU
		{1EE42CF1-2977-4C39-B6E7-5C8FA69C375B}.Debug|Any CPU.ActiveCfg = Debug|Any CPU
		{1EE42CF1-2977-4C39-B6E7-5C8FA69C375B}.Debug|Any CPU.Build.0 = Debug|Any CPU
		{1EE42CF1-2977-4C39-B6E7-5C8FA69C375B}.Release|Any CPU.ActiveCfg = Release|Any CPU
		{1EE42CF1-2977-4C39-B6E7-5C8FA69C375B}.Release|Any CPU.Build.0 = Release|Any CPU
	EndGlobalSection
	GlobalSection(SolutionProperties) = preSolution
		HideSolutionNode = FALSE
	EndGlobalSection
	GlobalSection(ExtensibilityGlobals) = postSolution
		SolutionGuid = {C62BAD9D-4859-4A1E-9B80-FD2F14A54DF5}
	EndGlobalSection
EndGlobal
